
Microsoft Visual Studio Solution File, Format Version 12.00
# Visual Studio Version 17
VisualStudioVersion = 17.9.34723.18
MinimumVisualStudioVersion = 10.0.40219.1
Project("{FAE04EC0-301F-11D3-BF4B-00C04F79EFBC}") = "Task-5", "Task-5\Task-5.csproj", "{DA2B908D-5026-48CA-BBCA-AC52FF5EA191}"
EndProject
Global
	GlobalSection(SolutionConfigurationPlatforms) = preSolution
		Debug|Any CPU = Debug|Any CPU
		Release|Any CPU = Release|Any CPU
	EndGlobalSection
	GlobalSection(ProjectConfigurationPlatforms) = postSolution
		{DA2B908D-5026-48CA-BBCA-AC52FF5EA191}.Debug|Any CPU.ActiveCfg = Debug|Any CPU
		{DA2B908D-5026-48CA-BBCA-AC52FF5EA191}.Debug|Any CPU.Build.0 = Debug|Any CPU
		{DA2B908D-5026-48CA-BBCA-AC52FF5EA191}.Release|Any CPU.ActiveCfg = Release|Any CPU
		{DA2B908D-5026-48CA-BBCA-AC52FF5EA191}.Release|Any CPU.Build.0 = Release|Any CPU
	EndGlobalSection
	GlobalSection(SolutionProperties) = preSolution
		HideSolutionNode = FALSE
	EndGlobalSection
	GlobalSection(ExtensibilityGlobals) = postSolution
		SolutionGuid = {41378FB5-9812-4B9A-8813-DAA6447FDFBC}
	EndGlobalSection
EndGlobal
